{
    "name": "ace-tree",
    "version": "0.1.0-rc1",
    "lockfileVersion": 2,
    "requires": true,
    "packages": {
        "": {
            "name": "ace-tree",
            "version": "0.1.0-rc1",
            "dependencies": {
                "ace-code": "*"
            },
            "devDependencies": {}
        },
        "node_modules/ace-code": {
            "version": "1.15.2",
            "resolved": "https://registry.npmjs.org/ace-code/-/ace-code-1.15.2.tgz",
            "integrity": "sha512-curtUD6gIiv/f6UMDvxSkCge3TKgfQqEd6PjfARGEBzGzf8yIpd1R5pY7teoHOgJ4Mb2v8wSUNpUxSj47NLOdQ==",
            "engines": {
                "node": ">= 0.6.0"
            }
        }
    },
    "dependencies": {
        "ace-code": {
            "version": "1.15.2",
            "resolved": "https://registry.npmjs.org/ace-code/-/ace-code-1.15.2.tgz",
            "integrity": "sha512-curtUD6gIiv/f6UMDvxSkCge3TKgfQqEd6PjfARGEBzGzf8yIpd1R5pY7teoHOgJ4Mb2v8wSUNpUxSj47NLOdQ=="
        }
    }
}
